<?xml version="1.0" encoding="utf-8"?>
<Project ToolsVersion="17.0" xmlns="http://schemas.microsoft.com/developer/msbuild/2003">
  <ItemGroup>
    <ClCompile Include="C:\Users\roeig\CodingFolder\Serpent Project\serpentEnc\serpent.c">
      <Filter>Source Files</Filter>
    </ClCompile>
    <ClCompile Include="C:\Users\roeig\CodingFolder\Serpent Project\serpentEnc\keyGeneration.c">
      <Filter>Source Files</Filter>
    </ClCompile>
    <ClCompile Include="C:\Users\roeig\CodingFolder\Serpent Project\serpentEnc\mathematicals.c">
      <Filter>Source Files</Filter>
    </ClCompile>
    <ClCompile Include="C:\Users\roeig\CodingFolder\Serpent Project\serpentEnc\utils.c">
      <Filter>Source Files</Filter>
    </ClCompile>
  </ItemGroup>
  <ItemGroup>
    <CustomBuild Include="C:\Users\roeig\CodingFolder\Serpent Project\serpentEnc\CMakeLists.txt" />
  </ItemGroup>
  <ItemGroup>
    <Filter Include="Source Files">
      <UniqueIdentifier>{46416CF9-FB04-3C25-A9FE-9F841A876930}</UniqueIdentifier>
    </Filter>
  </ItemGroup>
</Project>
